// !$*UTF8*$!
{
	archiveVersion = 1;
	classes = {
	};
	objectVersion = 56;
	objects = {

/* Begin PBXBuildFile section */
		8CF135102A2F1CC2007878F6 /* AppDelegate.swift in Sources */ = {isa = PBXBuildFile; fileRef = 8CF1350F2A2F1CC2007878F6 /* AppDelegate.swift */; };
		8CF135122A2F1CC2007878F6 /* SceneDelegate.swift in Sources */ = {isa = PBXBuildFile; fileRef = 8CF135112A2F1CC2007878F6 /* SceneDelegate.swift */; };
		8CF135142A2F1CC2007878F6 /* ViewController.swift in Sources */ = {isa = PBXBuildFile; fileRef = 8CF135132A2F1CC2007878F6 /* ViewController.swift */; };
		8CF135172A2F1CC2007878F6 /* Main.storyboard in Resources */ = {isa = PBXBuildFile; fileRef = 8CF135152A2F1CC2007878F6 /* Main.storyboard */; };
		8CF135192A2F1CC3007878F6 /* Assets.xcassets in Resources */ = {isa = PBXBuildFile; fileRef = 8CF135182A2F1CC3007878F6 /* Assets.xcassets */; };
		8CF1351C2A2F1CC3007878F6 /* LaunchScreen.storyboard in Resources */ = {isa = PBXBuildFile; fileRef = 8CF1351A2A2F1CC3007878F6 /* LaunchScreen.storyboard */; };
		8CF135252A2F2048007878F6 /* OrdersTableViewController.swift in Sources */ = {isa = PBXBuildFile; fileRef = 8CF135242A2F2048007878F6 /* OrdersTableViewController.swift */; };
		8CF135272A2F2088007878F6 /* AddOrderViewController.swift in Sources */ = {isa = PBXBuildFile; fileRef = 8CF135262A2F2088007878F6 /* AddOrderViewController.swift */; };
		8CF1352A2A2F2358007878F6 /* Webservice.swift in Sources */ = {isa = PBXBuildFile; fileRef = 8CF135292A2F2358007878F6 /* Webservice.swift */; };
		8CF1352C2A2F27FA007878F6 /* Order.swift in Sources */ = {isa = PBXBuildFile; fileRef = 8CF1352B2A2F27FA007878F6 /* Order.swift */; };
		8CF135302A2F2C15007878F6 /* OrderViewModel.swift in Sources */ = {isa = PBXBuildFile; fileRef = 8CF1352F2A2F2C15007878F6 /* OrderViewModel.swift */; };
		8CF135322A2F2D11007878F6 /* OrderListViewModel.swift in Sources */ = {isa = PBXBuildFile; fileRef = 8CF135312A2F2D11007878F6 /* OrderListViewModel.swift */; };
/* End PBXBuildFile section */

/* Begin PBXFileReference section */
		8CF1350C2A2F1CC2007878F6 /* CoffeeOrderingApp-MVVM.app */ = {isa = PBXFileReference; explicitFileType = wrapper.application; includeInIndex = 0; path = "CoffeeOrderingApp-MVVM.app"; sourceTree = BUILT_PRODUCTS_DIR; };
		8CF1350F2A2F1CC2007878F6 /* AppDelegate.swift */ = {isa = PBXFileReference; lastKnownFileType = sourcecode.swift; path = AppDelegate.swift; sourceTree = "<group>"; };
		8CF135112A2F1CC2007878F6 /* SceneDelegate.swift */ = {isa = PBXFileReference; lastKnownFileType = sourcecode.swift; path = SceneDelegate.swift; sourceTree = "<group>"; };
		8CF135132A2F1CC2007878F6 /* ViewController.swift */ = {isa = PBXFileReference; lastKnownFileType = sourcecode.swift; path = ViewController.swift; sourceTree = "<group>"; };
		8CF135162A2F1CC2007878F6 /* Base */ = {isa = PBXFileReference; lastKnownFileType = file.storyboard; name = Base; path = Base.lproj/Main.storyboard; sourceTree = "<group>"; };
		8CF135182A2F1CC3007878F6 /* Assets.xcassets */ = {isa = PBXFileReference; lastKnownFileType = folder.assetcatalog; path = Assets.xcassets; sourceTree = "<group>"; };
		8CF1351B2A2F1CC3007878F6 /* Base */ = {isa = PBXFileReference; lastKnownFileType = file.storyboard; name = Base; path = Base.lproj/LaunchScreen.storyboard; sourceTree = "<group>"; };
		8CF1351D2A2F1CC3007878F6 /* Info.plist */ = {isa = PBXFileReference; lastKnownFileType = text.plist.xml; path = Info.plist; sourceTree = "<group>"; };
		8CF135242A2F2048007878F6 /* OrdersTableViewController.swift */ = {isa = PBXFileReference; lastKnownFileType = sourcecode.swift; path = OrdersTableViewController.swift; sourceTree = "<group>"; };
		8CF135262A2F2088007878F6 /* AddOrderViewController.swift */ = {isa = PBXFileReference; lastKnownFileType = sourcecode.swift; path = AddOrderViewController.swift; sourceTree = "<group>"; };
		8CF135292A2F2358007878F6 /* Webservice.swift */ = {isa = PBXFileReference; lastKnownFileType = sourcecode.swift; path = Webservice.swift; sourceTree = "<group>"; };
		8CF1352B2A2F27FA007878F6 /* Order.swift */ = {isa = PBXFileReference; lastKnownFileType = sourcecode.swift; path = Order.swift; sourceTree = "<group>"; };
		8CF1352F2A2F2C15007878F6 /* OrderViewModel.swift */ = {isa = PBXFileReference; lastKnownFileType = sourcecode.swift; path = OrderViewModel.swift; sourceTree = "<group>"; };
		8CF135312A2F2D11007878F6 /* OrderListViewModel.swift */ = {isa = PBXFileReference; lastKnownFileType = sourcecode.swift; path = OrderListViewModel.swift; sourceTree = "<group>"; };
/* End PBXFileReference section */

/* Begin PBXFrameworksBuildPhase section */
		8CF135092A2F1CC2007878F6 /* Frameworks */ = {
			isa = PBXFrameworksBuildPhase;
			buildActionMask = 2147483647;
			files = (
			);
			runOnlyForDeploymentPostprocessing = 0;
		};
/* End PBXFrameworksBuildPhase section */

/* Begin PBXGroup section */
		8CF135032A2F1CC2007878F6 = {
			isa = PBXGroup;
			children = (
				8CF1350E2A2F1CC2007878F6 /* CoffeeOrderingApp-MVVM */,
				8CF1350D2A2F1CC2007878F6 /* Products */,
			);
			sourceTree = "<group>";
		};
		8CF1350D2A2F1CC2007878F6 /* Products */ = {
			isa = PBXGroup;
			children = (
				8CF1350C2A2F1CC2007878F6 /* CoffeeOrderingApp-MVVM.app */,
			);
			name = Products;
			sourceTree = "<group>";
		};
		8CF1350E2A2F1CC2007878F6 /* CoffeeOrderingApp-MVVM */ = {
			isa = PBXGroup;
			children = (
				8CF1352E2A2F2BF8007878F6 /* View Model */,
				8CF1352D2A2F2953007878F6 /* Model */,
				8CF135282A2F2347007878F6 /* Services */,
				8CF135232A2F1F87007878F6 /* Controllers */,
				8CF1350F2A2F1CC2007878F6 /* AppDelegate.swift */,
				8CF135112A2F1CC2007878F6 /* SceneDelegate.swift */,
				8CF135132A2F1CC2007878F6 /* ViewController.swift */,
				8CF135152A2F1CC2007878F6 /* Main.storyboard */,
				8CF135182A2F1CC3007878F6 /* Assets.xcassets */,
				8CF1351A2A2F1CC3007878F6 /* LaunchScreen.storyboard */,
				8CF1351D2A2F1CC3007878F6 /* Info.plist */,
			);
			path = "CoffeeOrderingApp-MVVM";
			sourceTree = "<group>";
		};
		8CF135232A2F1F87007878F6 /* Controllers */ = {
			isa = PBXGroup;
			children = (
				8CF135242A2F2048007878F6 /* OrdersTableViewController.swift */,
				8CF135262A2F2088007878F6 /* AddOrderViewController.swift */,
			);
			path = Controllers;
			sourceTree = "<group>";
		};
		8CF135282A2F2347007878F6 /* Services */ = {
			isa = PBXGroup;
			children = (
				8CF135292A2F2358007878F6 /* Webservice.swift */,
			);
			path = Services;
			sourceTree = "<group>";
		};
		8CF1352D2A2F2953007878F6 /* Model */ = {
			isa = PBXGroup;
			children = (
				8CF1352B2A2F27FA007878F6 /* Order.swift */,
			);
			path = Model;
			sourceTree = "<group>";
		};
		8CF1352E2A2F2BF8007878F6 /* View Model */ = {
			isa = PBXGroup;
			children = (
				8CF1352F2A2F2C15007878F6 /* OrderViewModel.swift */,
				8CF135312A2F2D11007878F6 /* OrderListViewModel.swift */,
			);
			path = "View Model";
			sourceTree = "<group>";
		};
/* End PBXGroup section */

/* Begin PBXNativeTarget section */
		8CF1350B2A2F1CC2007878F6 /* CoffeeOrderingApp-MVVM */ = {
			isa = PBXNativeTarget;
			buildConfigurationList = 8CF135202A2F1CC3007878F6 /* Build configuration list for PBXNativeTarget "CoffeeOrderingApp-MVVM" */;
			buildPhases = (
				8CF135082A2F1CC2007878F6 /* Sources */,
				8CF135092A2F1CC2007878F6 /* Frameworks */,
				8CF1350A2A2F1CC2007878F6 /* Resources */,
			);
			buildRules = (
			);
			dependencies = (
			);
			name = "CoffeeOrderingApp-MVVM";
			productName = "CoffeeOrderingApp-MVVM";
			productReference = 8CF1350C2A2F1CC2007878F6 /* CoffeeOrderingApp-MVVM.app */;
			productType = "com.apple.product-type.application";
		};
/* End PBXNativeTarget section */

/* Begin PBXProject section */
		8CF135042A2F1CC2007878F6 /* Project object */ = {
			isa = PBXProject;
			attributes = {
				BuildIndependentTargetsInParallel = 1;
				LastSwiftUpdateCheck = 1430;
				LastUpgradeCheck = 1430;
				TargetAttributes = {
					8CF1350B2A2F1CC2007878F6 = {
						CreatedOnToolsVersion = 14.3;
					};
				};
			};
			buildConfigurationList = 8CF135072A2F1CC2007878F6 /* Build configuration list for PBXProject "CoffeeOrderingApp-MVVM" */;
			compatibilityVersion = "Xcode 14.0";
			developmentRegion = en;
			hasScannedForEncodings = 0;
			knownRegions = (
				en,
				Base,
			);
			mainGroup = 8CF135032A2F1CC2007878F6;
			productRefGroup = 8CF1350D2A2F1CC2007878F6 /* Products */;
			projectDirPath = "";
			projectRoot = "";
			targets = (
				8CF1350B2A2F1CC2007878F6 /* CoffeeOrderingApp-MVVM */,
			);
		};
/* End PBXProject section */

/* Begin PBXResourcesBuildPhase section */
		8CF1350A2A2F1CC2007878F6 /* Resources */ = {
			isa = PBXResourcesBuildPhase;
			buildActionMask = 2147483647;
			files = (
				8CF1351C2A2F1CC3007878F6 /* LaunchScreen.storyboard in Resources */,
				8CF135192A2F1CC3007878F6 /* Assets.xcassets in Resources */,
				8CF135172A2F1CC2007878F6 /* Main.storyboard in Resources */,
			);
			runOnlyForDeploymentPostprocessing = 0;
		};
/* End PBXResourcesBuildPhase section */

/* Begin PBXSourcesBuildPhase section */
		8CF135082A2F1CC2007878F6 /* Sources */ = {
			isa = PBXSourcesBuildPhase;
			buildActionMask = 2147483647;
			files = (
				8CF135252A2F2048007878F6 /* OrdersTableViewController.swift in Sources */,
				8CF135142A2F1CC2007878F6 /* ViewController.swift in Sources */,
				8CF1352A2A2F2358007878F6 /* Webservice.swift in Sources */,
				8CF135322A2F2D11007878F6 /* OrderListViewModel.swift in Sources */,
				8CF135272A2F2088007878F6 /* AddOrderViewController.swift in Sources */,
				8CF135102A2F1CC2007878F6 /* AppDelegate.swift in Sources */,
				8CF135122A2F1CC2007878F6 /* SceneDelegate.swift in Sources */,
				8CF1352C2A2F27FA007878F6 /* Order.swift in Sources */,
				8CF135302A2F2C15007878F6 /* OrderViewModel.swift in Sources */,
			);
			runOnlyForDeploymentPostprocessing = 0;
		};
/* End PBXSourcesBuildPhase section */

/* Begin PBXVariantGroup section */
		8CF135152A2F1CC2007878F6 /* Main.storyboard */ = {
			isa = PBXVariantGroup;
			children = (
				8CF135162A2F1CC2007878F6 /* Base */,
			);
			name = Main.storyboard;
			sourceTree = "<group>";
		};
		8CF1351A2A2F1CC3007878F6 /* LaunchScreen.storyboard */ = {
			isa = PBXVariantGroup;
			children = (
				8CF1351B2A2F1CC3007878F6 /* Base */,
			);
			name = LaunchScreen.storyboard;
			sourceTree = "<group>";
		};
/* End PBXVariantGroup section */

/* Begin XCBuildConfiguration section */
		8CF1351E2A2F1CC3007878F6 /* Debug */ = {
			isa = XCBuildConfiguration;
			buildSettings = {
				ALWAYS_SEARCH_USER_PATHS = NO;
				CLANG_ANALYZER_NONNULL = YES;
				CLANG_ANALYZER_NUMBER_OBJECT_CONVERSION = YES_AGGRESSIVE;
				CLANG_CXX_LANGUAGE_STANDARD = "gnu++20";
				CLANG_ENABLE_MODULES = YES;
				CLANG_ENABLE_OBJC_ARC = YES;
				CLANG_ENABLE_OBJC_WEAK = YES;
				CLANG_WARN_BLOCK_CAPTURE_AUTORELEASING = YES;
				CLANG_WARN_BOOL_CONVERSION = YES;
				CLANG_WARN_COMMA = YES;
				CLANG_WARN_CONSTANT_CONVERSION = YES;
				CLANG_WARN_DEPRECATED_OBJC_IMPLEMENTATIONS = YES;
				CLANG_WARN_DIRECT_OBJC_ISA_USAGE = YES_ERROR;
				CLANG_WARN_DOCUMENTATION_COMMENTS = YES;
				CLANG_WARN_EMPTY_BODY = YES;
				CLANG_WARN_ENUM_CONVERSION = YES;
				CLANG_WARN_INFINITE_RECURSION = YES;
				CLANG_WARN_INT_CONVERSION = YES;
				CLANG_WARN_NON_LITERAL_NULL_CONVERSION = YES;
				CLANG_WARN_OBJC_IMPLICIT_RETAIN_SELF = YES;
				CLANG_WARN_OBJC_LITERAL_CONVERSION = YES;
				CLANG_WARN_OBJC_ROOT_CLASS = YES_ERROR;
				CLANG_WARN_QUOTED_INCLUDE_IN_FRAMEWORK_HEADER = YES;
				CLANG_WARN_RANGE_LOOP_ANALYSIS = YES;
				CLANG_WARN_STRICT_PROTOTYPES = YES;
				CLANG_WARN_SUSPICIOUS_MOVE = YES;
				CLANG_WARN_UNGUARDED_AVAILABILITY = YES_AGGRESSIVE;
				CLANG_WARN_UNREACHABLE_CODE = YES;
				CLANG_WARN__DUPLICATE_METHOD_MATCH = YES;
				COPY_PHASE_STRIP = NO;
				DEBUG_INFORMATION_FORMAT = dwarf;
				ENABLE_STRICT_OBJC_MSGSEND = YES;
				ENABLE_TESTABILITY = YES;
				GCC_C_LANGUAGE_STANDARD = gnu11;
				GCC_DYNAMIC_NO_PIC = NO;
				GCC_NO_COMMON_BLOCKS = YES;
				GCC_OPTIMIZATION_LEVEL = 0;
				GCC_PREPROCESSOR_DEFINITIONS = (
					"DEBUG=1",
					"$(inherited)",
				);
				GCC_WARN_64_TO_32_BIT_CONVERSION = YES;
				GCC_WARN_ABOUT_RETURN_TYPE = YES_ERROR;
				GCC_WARN_UNDECLARED_SELECTOR = YES;
				GCC_WARN_UNINITIALIZED_AUTOS = YES_AGGRESSIVE;
				GCC_WARN_UNUSED_FUNCTION = YES;
				GCC_WARN_UNUSED_VARIABLE = YES;
				IPHONEOS_DEPLOYMENT_TARGET = 16.4;
				MTL_ENABLE_DEBUG_INFO = INCLUDE_SOURCE;
				MTL_FAST_MATH = YES;
				ONLY_ACTIVE_ARCH = YES;
				SDKROOT = iphoneos;
				SWIFT_ACTIVE_COMPILATION_CONDITIONS = DEBUG;
				SWIFT_OPTIMIZATION_LEVEL = "-Onone";
			};
			name = Debug;
		};
		8CF1351F2A2F1CC3007878F6 /* Release */ = {
			isa = XCBuildConfiguration;
			buildSettings = {
				ALWAYS_SEARCH_USER_PATHS = NO;
				CLANG_ANALYZER_NONNULL = YES;
				CLANG_ANALYZER_NUMBER_OBJECT_CONVERSION = YES_AGGRESSIVE;
				CLANG_CXX_LANGUAGE_STANDARD = "gnu++20";
				CLANG_ENABLE_MODULES = YES;
				CLANG_ENABLE_OBJC_ARC = YES;
				CLANG_ENABLE_OBJC_WEAK = YES;
				CLANG_WARN_BLOCK_CAPTURE_AUTORELEASING = YES;
				CLANG_WARN_BOOL_CONVERSION = YES;
				CLANG_WARN_COMMA = YES;
				CLANG_WARN_CONSTANT_CONVERSION = YES;
				CLANG_WARN_DEPRECATED_OBJC_IMPLEMENTATIONS = YES;
				CLANG_WARN_DIRECT_OBJC_ISA_USAGE = YES_ERROR;
				CLANG_WARN_DOCUMENTATION_COMMENTS = YES;
				CLANG_WARN_EMPTY_BODY = YES;
				CLANG_WARN_ENUM_CONVERSION = YES;
				CLANG_WARN_INFINITE_RECURSION = YES;
				CLANG_WARN_INT_CONVERSION = YES;
				CLANG_WARN_NON_LITERAL_NULL_CONVERSION = YES;
				CLANG_WARN_OBJC_IMPLICIT_RETAIN_SELF = YES;
				CLANG_WARN_OBJC_LITERAL_CONVERSION = YES;
				CLANG_WARN_OBJC_ROOT_CLASS = YES_ERROR;
				CLANG_WARN_QUOTED_INCLUDE_IN_FRAMEWORK_HEADER = YES;
				CLANG_WARN_RANGE_LOOP_ANALYSIS = YES;
				CLANG_WARN_STRICT_PROTOTYPES = YES;
				CLANG_WARN_SUSPICIOUS_MOVE = YES;
				CLANG_WARN_UNGUARDED_AVAILABILITY = YES_AGGRESSIVE;
				CLANG_WARN_UNREACHABLE_CODE = YES;
				CLANG_WARN__DUPLICATE_METHOD_MATCH = YES;
				COPY_PHASE_STRIP = NO;
				DEBUG_INFORMATION_FORMAT = "dwarf-with-dsym";
				ENABLE_NS_ASSERTIONS = NO;
				ENABLE_STRICT_OBJC_MSGSEND = YES;
				GCC_C_LANGUAGE_STANDARD = gnu11;
				GCC_NO_COMMON_BLOCKS = YES;
				GCC_WARN_64_TO_32_BIT_CONVERSION = YES;
				GCC_WARN_ABOUT_RETURN_TYPE = YES_ERROR;
				GCC_WARN_UNDECLARED_SELECTOR = YES;
				GCC_WARN_UNINITIALIZED_AUTOS = YES_AGGRESSIVE;
				GCC_WARN_UNUSED_FUNCTION = YES;
				GCC_WARN_UNUSED_VARIABLE = YES;
				IPHONEOS_DEPLOYMENT_TARGET = 16.4;
				MTL_ENABLE_DEBUG_INFO = NO;
				MTL_FAST_MATH = YES;
				SDKROOT = iphoneos;
				SWIFT_COMPILATION_MODE = wholemodule;
				SWIFT_OPTIMIZATION_LEVEL = "-O";
				VALIDATE_PRODUCT = YES;
			};
			name = Release;
		};
		8CF135212A2F1CC3007878F6 /* Debug */ = {
			isa = XCBuildConfiguration;
			buildSettings = {
				ASSETCATALOG_COMPILER_APPICON_NAME = AppIcon;
				ASSETCATALOG_COMPILER_GLOBAL_ACCENT_COLOR_NAME = AccentColor;
				CODE_SIGN_STYLE = Automatic;
				CURRENT_PROJECT_VERSION = 1;
				GENERATE_INFOPLIST_FILE = YES;
				INFOPLIST_FILE = "CoffeeOrderingApp-MVVM/Info.plist";
				INFOPLIST_KEY_UIApplicationSupportsIndirectInputEvents = YES;
				INFOPLIST_KEY_UILaunchStoryboardName = LaunchScreen;
				INFOPLIST_KEY_UIMainStoryboardFile = Main;
				INFOPLIST_KEY_UISupportedInterfaceOrientations_iPad = "UIInterfaceOrientationPortrait UIInterfaceOrientationPortraitUpsideDown UIInterfaceOrientationLandscapeLeft UIInterfaceOrientationLandscapeRight";
				INFOPLIST_KEY_UISupportedInterfaceOrientations_iPhone = "UIInterfaceOrientationPortrait UIInterfaceOrientationLandscapeLeft UIInterfaceOrientationLandscapeRight";
				LD_RUNPATH_SEARCH_PATHS = (
					"$(inherited)",
					"@executable_path/Frameworks",
				);
				MARKETING_VERSION = 1.0;
				PRODUCT_BUNDLE_IDENTIFIER = "za.co.carrington.CoffeeOrderingApp-MVVM";
				PRODUCT_NAME = "$(TARGET_NAME)";
				SWIFT_EMIT_LOC_STRINGS = YES;
				SWIFT_VERSION = 5.0;
				TARGETED_DEVICE_FAMILY = "1,2";
			};
			name = Debug;
		};
		8CF135222A2F1CC3007878F6 /* Release */ = {
			isa = XCBuildConfiguration;
			buildSettings = {
				ASSETCATALOG_COMPILER_APPICON_NAME = AppIcon;
				ASSETCATALOG_COMPILER_GLOBAL_ACCENT_COLOR_NAME = AccentColor;
				CODE_SIGN_STYLE = Automatic;
				CURRENT_PROJECT_VERSION = 1;
				GENERATE_INFOPLIST_FILE = YES;
				INFOPLIST_FILE = "CoffeeOrderingApp-MVVM/Info.plist";
				INFOPLIST_KEY_UIApplicationSupportsIndirectInputEvents = YES;
				INFOPLIST_KEY_UILaunchStoryboardName = LaunchScreen;
				INFOPLIST_KEY_UIMainStoryboardFile = Main;
				INFOPLIST_KEY_UISupportedInterfaceOrientations_iPad = "UIInterfaceOrientationPortrait UIInterfaceOrientationPortraitUpsideDown UIInterfaceOrientationLandscapeLeft UIInterfaceOrientationLandscapeRight";
				INFOPLIST_KEY_UISupportedInterfaceOrientations_iPhone = "UIInterfaceOrientationPortrait UIInterfaceOrientationLandscapeLeft UIInterfaceOrientationLandscapeRight";
				LD_RUNPATH_SEARCH_PATHS = (
					"$(inherited)",
					"@executable_path/Frameworks",
				);
				MARKETING_VERSION = 1.0;
				PRODUCT_BUNDLE_IDENTIFIER = "za.co.carrington.CoffeeOrderingApp-MVVM";
				PRODUCT_NAME = "$(TARGET_NAME)";
				SWIFT_EMIT_LOC_STRINGS = YES;
				SWIFT_VERSION = 5.0;
				TARGETED_DEVICE_FAMILY = "1,2";
			};
			name = Release;
		};
/* End XCBuildConfiguration section */

/* Begin XCConfigurationList section */
		8CF135072A2F1CC2007878F6 /* Build configuration list for PBXProject "CoffeeOrderingApp-MVVM" */ = {
			isa = XCConfigurationList;
			buildConfigurations = (
				8CF1351E2A2F1CC3007878F6 /* Debug */,
				8CF1351F2A2F1CC3007878F6 /* Release */,
			);
			defaultConfigurationIsVisible = 0;
			defaultConfigurationName = Release;
		};
		8CF135202A2F1CC3007878F6 /* Build configuration list for PBXNativeTarget "CoffeeOrderingApp-MVVM" */ = {
			isa = XCConfigurationList;
			buildConfigurations = (
				8CF135212A2F1CC3007878F6 /* Debug */,
				8CF135222A2F1CC3007878F6 /* Release */,
			);
			defaultConfigurationIsVisible = 0;
			defaultConfigurationName = Release;
		};
/* End XCConfigurationList section */
	};
	rootObject = 8CF135042A2F1CC2007878F6 /* Project object */;
}
